// !$*UTF8*$!
{
	archiveVersion = 1;
	classes = {
	};
	objectVersion = 56;
	objects = {

/* Begin PBXBuildFile section */
		DD220ADB2A80C507000FCED0 /* UIColor.Extensions.swift in Sources */ = {isa = PBXBuildFile; fileRef = DD220ADA2A80C507000FCED0 /* UIColor.Extensions.swift */; };
		DDAA876C2A7E91C1002AA33A /* LavaLamp.swift in Sources */ = {isa = PBXBuildFile; fileRef = DDAA87622A7E91C1002AA33A /* LavaLamp.swift */; };
		DDAA876D2A7E91C1002AA33A /* BlobLayer.swift in Sources */ = {isa = PBXBuildFile; fileRef = DDAA87632A7E91C1002AA33A /* BlobLayer.swift */; };
		DDAA876E2A7E91C1002AA33A /* EntireViewLayer.swift in Sources */ = {isa = PBXBuildFile; fileRef = DDAA87642A7E91C1002AA33A /* EntireViewLayer.swift */; };
		DDAA87702A7E91C1002AA33A /* Assets.xcassets in Resources */ = {isa = PBXBuildFile; fileRef = DDAA87662A7E91C1002AA33A /* Assets.xcassets */; };
		DDAA87712A7E91C1002AA33A /* FluidView.swift in Sources */ = {isa = PBXBuildFile; fileRef = DDAA87672A7E91C1002AA33A /* FluidView.swift */; };
		DDAA87722A7E91C1002AA33A /* Preview Assets.xcassets in Resources */ = {isa = PBXBuildFile; fileRef = DDAA87692A7E91C1002AA33A /* Preview Assets.xcassets */; };
		DDAA87732A7E91C1002AA33A /* LavaLampApp.swift in Sources */ = {isa = PBXBuildFile; fileRef = DDAA876A2A7E91C1002AA33A /* LavaLampApp.swift */; };
		DDAA87742A7E91C1002AA33A /* ContentView.swift in Sources */ = {isa = PBXBuildFile; fileRef = DDAA876B2A7E91C1002AA33A /* ContentView.swift */; };
		FD6DE4A32A841F6800EC553B /* LavaLampAppWindowGroup.swift in Sources */ = {isa = PBXBuildFile; fileRef = FD6DE4A22A841F6800EC553B /* LavaLampAppWindowGroup.swift */; };
		FD6DE4A52A841F8900EC553B /* SceneDelegate.swift in Sources */ = {isa = PBXBuildFile; fileRef = FD6DE4A42A841F8900EC553B /* SceneDelegate.swift */; };
		FDB68C312A841CAE00D75DC3 /* ColorSet.swift in Sources */ = {isa = PBXBuildFile; fileRef = FDB68C302A841CAE00D75DC3 /* ColorSet.swift */; };
/* End PBXBuildFile section */

/* Begin PBXFileReference section */
		DD028DF42A7E56EA0046AD10 /* LavaLamp.app */ = {isa = PBXFileReference; explicitFileType = wrapper.application; includeInIndex = 0; path = LavaLamp.app; sourceTree = BUILT_PRODUCTS_DIR; };
		DD220ADA2A80C507000FCED0 /* UIColor.Extensions.swift */ = {isa = PBXFileReference; lastKnownFileType = sourcecode.swift; path = UIColor.Extensions.swift; sourceTree = "<group>"; };
		DDAA87622A7E91C1002AA33A /* LavaLamp.swift */ = {isa = PBXFileReference; fileEncoding = 4; lastKnownFileType = sourcecode.swift; path = LavaLamp.swift; sourceTree = "<group>"; };
		DDAA87632A7E91C1002AA33A /* BlobLayer.swift */ = {isa = PBXFileReference; fileEncoding = 4; lastKnownFileType = sourcecode.swift; path = BlobLayer.swift; sourceTree = "<group>"; };
		DDAA87642A7E91C1002AA33A /* EntireViewLayer.swift */ = {isa = PBXFileReference; fileEncoding = 4; lastKnownFileType = sourcecode.swift; path = EntireViewLayer.swift; sourceTree = "<group>"; };
		DDAA87662A7E91C1002AA33A /* Assets.xcassets */ = {isa = PBXFileReference; lastKnownFileType = folder.assetcatalog; path = Assets.xcassets; sourceTree = "<group>"; };
		DDAA87672A7E91C1002AA33A /* FluidView.swift */ = {isa = PBXFileReference; fileEncoding = 4; lastKnownFileType = sourcecode.swift; path = FluidView.swift; sourceTree = "<group>"; };
		DDAA87692A7E91C1002AA33A /* Preview Assets.xcassets */ = {isa = PBXFileReference; lastKnownFileType = folder.assetcatalog; path = "Preview Assets.xcassets"; sourceTree = "<group>"; };
		DDAA876A2A7E91C1002AA33A /* LavaLampApp.swift */ = {isa = PBXFileReference; fileEncoding = 4; lastKnownFileType = sourcecode.swift; path = LavaLampApp.swift; sourceTree = "<group>"; };
		DDAA876B2A7E91C1002AA33A /* ContentView.swift */ = {isa = PBXFileReference; fileEncoding = 4; lastKnownFileType = sourcecode.swift; path = ContentView.swift; sourceTree = "<group>"; };
		FD6DE4A22A841F6800EC553B /* LavaLampAppWindowGroup.swift */ = {isa = PBXFileReference; lastKnownFileType = sourcecode.swift; path = LavaLampAppWindowGroup.swift; sourceTree = "<group>"; };
		FD6DE4A42A841F8900EC553B /* SceneDelegate.swift */ = {isa = PBXFileReference; lastKnownFileType = sourcecode.swift; path = SceneDelegate.swift; sourceTree = "<group>"; };
		FDB68C302A841CAE00D75DC3 /* ColorSet.swift */ = {isa = PBXFileReference; lastKnownFileType = sourcecode.swift; path = ColorSet.swift; sourceTree = "<group>"; };
/* End PBXFileReference section */

/* Begin PBXFrameworksBuildPhase section */
		DD028DF12A7E56EA0046AD10 /* Frameworks */ = {
			isa = PBXFrameworksBuildPhase;
			buildActionMask = 2147483647;
			files = (
			);
			runOnlyForDeploymentPostprocessing = 0;
		};
/* End PBXFrameworksBuildPhase section */

/* Begin PBXGroup section */
		DD028DEB2A7E56EA0046AD10 = {
			isa = PBXGroup;
			children = (
				DDAA87612A7E91C1002AA33A /* LavaLamp */,
				DD028DF52A7E56EA0046AD10 /* Products */,
			);
			sourceTree = "<group>";
		};
		DD028DF52A7E56EA0046AD10 /* Products */ = {
			isa = PBXGroup;
			children = (
				DD028DF42A7E56EA0046AD10 /* LavaLamp.app */,
			);
			name = Products;
			sourceTree = "<group>";
		};
		DDAA87612A7E91C1002AA33A /* LavaLamp */ = {
			isa = PBXGroup;
			children = (
				DDAA87632A7E91C1002AA33A /* BlobLayer.swift */,
				FDB68C302A841CAE00D75DC3 /* ColorSet.swift */,
				DDAA876B2A7E91C1002AA33A /* ContentView.swift */,
				DDAA87642A7E91C1002AA33A /* EntireViewLayer.swift */,
				DDAA87672A7E91C1002AA33A /* FluidView.swift */,
				DDAA87622A7E91C1002AA33A /* LavaLamp.swift */,
				DDAA876A2A7E91C1002AA33A /* LavaLampApp.swift */,
				FD6DE4A22A841F6800EC553B /* LavaLampAppWindowGroup.swift */,
				FD6DE4A42A841F8900EC553B /* SceneDelegate.swift */,
				DD220ADA2A80C507000FCED0 /* UIColor.Extensions.swift */,
				DDAA87662A7E91C1002AA33A /* Assets.xcassets */,
				DDAA87682A7E91C1002AA33A /* Preview Content */,
			);
			path = LavaLamp;
			sourceTree = "<group>";
		};
		DDAA87682A7E91C1002AA33A /* Preview Content */ = {
			isa = PBXGroup;
			children = (
				DDAA87692A7E91C1002AA33A /* Preview Assets.xcassets */,
			);
			path = "Preview Content";
			sourceTree = "<group>";
		};
/* End PBXGroup section */

/* Begin PBXNativeTarget section */
		DD028DF32A7E56EA0046AD10 /* LavaLamp */ = {
			isa = PBXNativeTarget;
			buildConfigurationList = DD028E022A7E56EB0046AD10 /* Build configuration list for PBXNativeTarget "LavaLamp" */;
			buildPhases = (
				DD028DF02A7E56EA0046AD10 /* Sources */,
				DD028DF12A7E56EA0046AD10 /* Frameworks */,
				DD028DF22A7E56EA0046AD10 /* Resources */,
			);
			buildRules = (
			);
			dependencies = (
			);
			name = LavaLamp;
			productName = Gradient;
			productReference = DD028DF42A7E56EA0046AD10 /* LavaLamp.app */;
			productType = "com.apple.product-type.application";
		};
/* End PBXNativeTarget section */

/* Begin PBXProject section */
		DD028DEC2A7E56EA0046AD10 /* Project object */ = {
			isa = PBXProject;
			attributes = {
				BuildIndependentTargetsInParallel = 1;
				LastSwiftUpdateCheck = 1430;
				LastUpgradeCheck = 1500;
				TargetAttributes = {
					DD028DF32A7E56EA0046AD10 = {
						CreatedOnToolsVersion = 14.3.1;
					};
				};
			};
			buildConfigurationList = DD028DEF2A7E56EA0046AD10 /* Build configuration list for PBXProject "LavaLamp" */;
			compatibilityVersion = "Xcode 14.0";
			developmentRegion = en;
			hasScannedForEncodings = 0;
			knownRegions = (
				en,
				Base,
			);
			mainGroup = DD028DEB2A7E56EA0046AD10;
			productRefGroup = DD028DF52A7E56EA0046AD10 /* Products */;
			projectDirPath = "";
			projectRoot = "";
			targets = (
				DD028DF32A7E56EA0046AD10 /* LavaLamp */,
			);
		};
/* End PBXProject section */

/* Begin PBXResourcesBuildPhase section */
		DD028DF22A7E56EA0046AD10 /* Resources */ = {
			isa = PBXResourcesBuildPhase;
			buildActionMask = 2147483647;
			files = (
				DDAA87722A7E91C1002AA33A /* Preview Assets.xcassets in Resources */,
				DDAA87702A7E91C1002AA33A /* Assets.xcassets in Resources */,
			);
			runOnlyForDeploymentPostprocessing = 0;
		};
/* End PBXResourcesBuildPhase section */

/* Begin PBXSourcesBuildPhase section */
		DD028DF02A7E56EA0046AD10 /* Sources */ = {
			isa = PBXSourcesBuildPhase;
			buildActionMask = 2147483647;
			files = (
				DDAA87712A7E91C1002AA33A /* FluidView.swift in Sources */,
				DDAA87732A7E91C1002AA33A /* LavaLampApp.swift in Sources */,
				DDAA87742A7E91C1002AA33A /* ContentView.swift in Sources */,
				DDAA876D2A7E91C1002AA33A /* BlobLayer.swift in Sources */,
				FDB68C312A841CAE00D75DC3 /* ColorSet.swift in Sources */,
				FD6DE4A52A841F8900EC553B /* SceneDelegate.swift in Sources */,
				FD6DE4A32A841F6800EC553B /* LavaLampAppWindowGroup.swift in Sources */,
				DDAA876C2A7E91C1002AA33A /* LavaLamp.swift in Sources */,
				DD220ADB2A80C507000FCED0 /* UIColor.Extensions.swift in Sources */,
				DDAA876E2A7E91C1002AA33A /* EntireViewLayer.swift in Sources */,
			);
			runOnlyForDeploymentPostprocessing = 0;
		};
/* End PBXSourcesBuildPhase section */

/* Begin XCBuildConfiguration section */
		DD028E002A7E56EB0046AD10 /* Debug */ = {
			isa = XCBuildConfiguration;
			buildSettings = {
				ALWAYS_SEARCH_USER_PATHS = NO;
				ASSETCATALOG_COMPILER_GENERATE_SWIFT_ASSET_SYMBOL_EXTENSIONS = YES;
				CLANG_ANALYZER_NONNULL = YES;
				CLANG_ANALYZER_NUMBER_OBJECT_CONVERSION = YES_AGGRESSIVE;
				CLANG_CXX_LANGUAGE_STANDARD = "gnu++20";
				CLANG_ENABLE_MODULES = YES;
				CLANG_ENABLE_OBJC_ARC = YES;
				CLANG_ENABLE_OBJC_WEAK = YES;
				CLANG_WARN_BLOCK_CAPTURE_AUTORELEASING = YES;
				CLANG_WARN_BOOL_CONVERSION = YES;
				CLANG_WARN_COMMA = YES;
				CLANG_WARN_CONSTANT_CONVERSION = YES;
				CLANG_WARN_DEPRECATED_OBJC_IMPLEMENTATIONS = YES;
				CLANG_WARN_DIRECT_OBJC_ISA_USAGE = YES_ERROR;
				CLANG_WARN_DOCUMENTATION_COMMENTS = YES;
				CLANG_WARN_EMPTY_BODY = YES;
				CLANG_WARN_ENUM_CONVERSION = YES;
				CLANG_WARN_INFINITE_RECURSION = YES;
				CLANG_WARN_INT_CONVERSION = YES;
				CLANG_WARN_NON_LITERAL_NULL_CONVERSION = YES;
				CLANG_WARN_OBJC_IMPLICIT_RETAIN_SELF = YES;
				CLANG_WARN_OBJC_LITERAL_CONVERSION = YES;
				CLANG_WARN_OBJC_ROOT_CLASS = YES_ERROR;
				CLANG_WARN_QUOTED_INCLUDE_IN_FRAMEWORK_HEADER = YES;
				CLANG_WARN_RANGE_LOOP_ANALYSIS = YES;
				CLANG_WARN_STRICT_PROTOTYPES = YES;
				CLANG_WARN_SUSPICIOUS_MOVE = YES;
				CLANG_WARN_UNGUARDED_AVAILABILITY = YES_AGGRESSIVE;
				CLANG_WARN_UNREACHABLE_CODE = YES;
				CLANG_WARN__DUPLICATE_METHOD_MATCH = YES;
				COPY_PHASE_STRIP = NO;
				DEBUG_INFORMATION_FORMAT = dwarf;
				ENABLE_STRICT_OBJC_MSGSEND = YES;
				ENABLE_TESTABILITY = YES;
				ENABLE_USER_SCRIPT_SANDBOXING = YES;
				GCC_C_LANGUAGE_STANDARD = gnu11;
				GCC_DYNAMIC_NO_PIC = NO;
				GCC_NO_COMMON_BLOCKS = YES;
				GCC_OPTIMIZATION_LEVEL = 0;
				GCC_PREPROCESSOR_DEFINITIONS = (
					"DEBUG=1",
					"$(inherited)",
				);
				GCC_WARN_64_TO_32_BIT_CONVERSION = YES;
				GCC_WARN_ABOUT_RETURN_TYPE = YES_ERROR;
				GCC_WARN_UNDECLARED_SELECTOR = YES;
				GCC_WARN_UNINITIALIZED_AUTOS = YES_AGGRESSIVE;
				GCC_WARN_UNUSED_FUNCTION = YES;
				GCC_WARN_UNUSED_VARIABLE = YES;
				IPHONEOS_DEPLOYMENT_TARGET = 16.4;
				MTL_ENABLE_DEBUG_INFO = INCLUDE_SOURCE;
				MTL_FAST_MATH = YES;
				ONLY_ACTIVE_ARCH = YES;
				SDKROOT = iphoneos;
				SWIFT_ACTIVE_COMPILATION_CONDITIONS = DEBUG;
				SWIFT_OPTIMIZATION_LEVEL = "-Onone";
			};
			name = Debug;
		};
		DD028E012A7E56EB0046AD10 /* Release */ = {
			isa = XCBuildConfiguration;
			buildSettings = {
				ALWAYS_SEARCH_USER_PATHS = NO;
				ASSETCATALOG_COMPILER_GENERATE_SWIFT_ASSET_SYMBOL_EXTENSIONS = YES;
				CLANG_ANALYZER_NONNULL = YES;
				CLANG_ANALYZER_NUMBER_OBJECT_CONVERSION = YES_AGGRESSIVE;
				CLANG_CXX_LANGUAGE_STANDARD = "gnu++20";
				CLANG_ENABLE_MODULES = YES;
				CLANG_ENABLE_OBJC_ARC = YES;
				CLANG_ENABLE_OBJC_WEAK = YES;
				CLANG_WARN_BLOCK_CAPTURE_AUTORELEASING = YES;
				CLANG_WARN_BOOL_CONVERSION = YES;
				CLANG_WARN_COMMA = YES;
				CLANG_WARN_CONSTANT_CONVERSION = YES;
				CLANG_WARN_DEPRECATED_OBJC_IMPLEMENTATIONS = YES;
				CLANG_WARN_DIRECT_OBJC_ISA_USAGE = YES_ERROR;
				CLANG_WARN_DOCUMENTATION_COMMENTS = YES;
				CLANG_WARN_EMPTY_BODY = YES;
				CLANG_WARN_ENUM_CONVERSION = YES;
				CLANG_WARN_INFINITE_RECURSION = YES;
				CLANG_WARN_INT_CONVERSION = YES;
				CLANG_WARN_NON_LITERAL_NULL_CONVERSION = YES;
				CLANG_WARN_OBJC_IMPLICIT_RETAIN_SELF = YES;
				CLANG_WARN_OBJC_LITERAL_CONVERSION = YES;
				CLANG_WARN_OBJC_ROOT_CLASS = YES_ERROR;
				CLANG_WARN_QUOTED_INCLUDE_IN_FRAMEWORK_HEADER = YES;
				CLANG_WARN_RANGE_LOOP_ANALYSIS = YES;
				CLANG_WARN_STRICT_PROTOTYPES = YES;
				CLANG_WARN_SUSPICIOUS_MOVE = YES;
				CLANG_WARN_UNGUARDED_AVAILABILITY = YES_AGGRESSIVE;
				CLANG_WARN_UNREACHABLE_CODE = YES;
				CLANG_WARN__DUPLICATE_METHOD_MATCH = YES;
				COPY_PHASE_STRIP = NO;
				DEBUG_INFORMATION_FORMAT = "dwarf-with-dsym";
				ENABLE_NS_ASSERTIONS = NO;
				ENABLE_STRICT_OBJC_MSGSEND = YES;
				ENABLE_USER_SCRIPT_SANDBOXING = YES;
				GCC_C_LANGUAGE_STANDARD = gnu11;
				GCC_NO_COMMON_BLOCKS = YES;
				GCC_WARN_64_TO_32_BIT_CONVERSION = YES;
				GCC_WARN_ABOUT_RETURN_TYPE = YES_ERROR;
				GCC_WARN_UNDECLARED_SELECTOR = YES;
				GCC_WARN_UNINITIALIZED_AUTOS = YES_AGGRESSIVE;
				GCC_WARN_UNUSED_FUNCTION = YES;
				GCC_WARN_UNUSED_VARIABLE = YES;
				IPHONEOS_DEPLOYMENT_TARGET = 16.4;
				MTL_ENABLE_DEBUG_INFO = NO;
				MTL_FAST_MATH = YES;
				SDKROOT = iphoneos;
				SWIFT_COMPILATION_MODE = wholemodule;
				SWIFT_OPTIMIZATION_LEVEL = "-O";
				VALIDATE_PRODUCT = YES;
			};
			name = Release;
		};
		DD028E032A7E56EB0046AD10 /* Debug */ = {
			isa = XCBuildConfiguration;
			buildSettings = {
				ASSETCATALOG_COMPILER_APPICON_NAME = AppIcon;
				ASSETCATALOG_COMPILER_GLOBAL_ACCENT_COLOR_NAME = AccentColor;
				CODE_SIGN_STYLE = Manual;
				CURRENT_PROJECT_VERSION = 1;
				DEVELOPMENT_ASSET_PATHS = "\"LavaLamp/Preview Content\"";
				DEVELOPMENT_TEAM = "";
				ENABLE_PREVIEWS = YES;
				GENERATE_INFOPLIST_FILE = YES;
				INFOPLIST_KEY_UIApplicationSceneManifest_Generation = YES;
				INFOPLIST_KEY_UIApplicationSupportsIndirectInputEvents = YES;
				INFOPLIST_KEY_UILaunchScreen_Generation = YES;
				INFOPLIST_KEY_UIRequiresFullScreen = NO;
				INFOPLIST_KEY_UIStatusBarHidden = YES;
				INFOPLIST_KEY_UISupportedInterfaceOrientations = "UIInterfaceOrientationLandscapeLeft UIInterfaceOrientationLandscapeRight UIInterfaceOrientationPortrait UIInterfaceOrientationPortraitUpsideDown";
				IPHONEOS_DEPLOYMENT_TARGET = 13.0;
				LD_RUNPATH_SEARCH_PATHS = (
					"$(inherited)",
					"@executable_path/Frameworks",
				);
				MACOSX_DEPLOYMENT_TARGET = 13.0;
				MARKETING_VERSION = 1.0;
				PRODUCT_BUNDLE_IDENTIFIER = lavalamp;
				PRODUCT_NAME = "$(TARGET_NAME)";
				PROVISIONING_PROFILE_SPECIFIER = "";
				SUPPORTED_PLATFORMS = "iphoneos iphonesimulator";
				SUPPORTS_MACCATALYST = NO;
				SUPPORTS_MAC_DESIGNED_FOR_IPHONE_IPAD = NO;
				SUPPORTS_XR_DESIGNED_FOR_IPHONE_IPAD = NO;
				SWIFT_EMIT_LOC_STRINGS = YES;
				SWIFT_STRICT_CONCURRENCY = targeted;
				SWIFT_VERSION = 5.0;
				TARGETED_DEVICE_FAMILY = "1,2";
			};
			name = Debug;
		};
		DD028E042A7E56EB0046AD10 /* Release */ = {
			isa = XCBuildConfiguration;
			buildSettings = {
				ASSETCATALOG_COMPILER_APPICON_NAME = AppIcon;
				ASSETCATALOG_COMPILER_GLOBAL_ACCENT_COLOR_NAME = AccentColor;
				CODE_SIGN_STYLE = Manual;
				CURRENT_PROJECT_VERSION = 1;
				DEVELOPMENT_ASSET_PATHS = "\"LavaLamp/Preview Content\"";
				DEVELOPMENT_TEAM = "";
				ENABLE_PREVIEWS = YES;
				GENERATE_INFOPLIST_FILE = YES;
				INFOPLIST_KEY_UIApplicationSceneManifest_Generation = YES;
				INFOPLIST_KEY_UIApplicationSupportsIndirectInputEvents = YES;
				INFOPLIST_KEY_UILaunchScreen_Generation = YES;
				INFOPLIST_KEY_UIRequiresFullScreen = NO;
				INFOPLIST_KEY_UIStatusBarHidden = YES;
				INFOPLIST_KEY_UISupportedInterfaceOrientations = "UIInterfaceOrientationLandscapeLeft UIInterfaceOrientationLandscapeRight UIInterfaceOrientationPortrait UIInterfaceOrientationPortraitUpsideDown";
				IPHONEOS_DEPLOYMENT_TARGET = 13.0;
				LD_RUNPATH_SEARCH_PATHS = (
					"$(inherited)",
					"@executable_path/Frameworks",
				);
				MACOSX_DEPLOYMENT_TARGET = 13.0;
				MARKETING_VERSION = 1.0;
				PRODUCT_BUNDLE_IDENTIFIER = lavalamp;
				PRODUCT_NAME = "$(TARGET_NAME)";
				PROVISIONING_PROFILE_SPECIFIER = "";
				SUPPORTED_PLATFORMS = "iphoneos iphonesimulator";
				SUPPORTS_MACCATALYST = NO;
				SUPPORTS_MAC_DESIGNED_FOR_IPHONE_IPAD = NO;
				SUPPORTS_XR_DESIGNED_FOR_IPHONE_IPAD = NO;
				SWIFT_EMIT_LOC_STRINGS = YES;
				SWIFT_STRICT_CONCURRENCY = targeted;
				SWIFT_VERSION = 5.0;
				TARGETED_DEVICE_FAMILY = "1,2";
			};
			name = Release;
		};
/* End XCBuildConfiguration section */

/* Begin XCConfigurationList section */
		DD028DEF2A7E56EA0046AD10 /* Build configuration list for PBXProject "LavaLamp" */ = {
			isa = XCConfigurationList;
			buildConfigurations = (
				DD028E002A7E56EB0046AD10 /* Debug */,
				DD028E012A7E56EB0046AD10 /* Release */,
			);
			defaultConfigurationIsVisible = 0;
			defaultConfigurationName = Release;
		};
		DD028E022A7E56EB0046AD10 /* Build configuration list for PBXNativeTarget "LavaLamp" */ = {
			isa = XCConfigurationList;
			buildConfigurations = (
				DD028E032A7E56EB0046AD10 /* Debug */,
				DD028E042A7E56EB0046AD10 /* Release */,
			);
			defaultConfigurationIsVisible = 0;
			defaultConfigurationName = Release;
		};
/* End XCConfigurationList section */
	};
	rootObject = DD028DEC2A7E56EA0046AD10 /* Project object */;
}
